// !$*UTF8*$!
{
	archiveVersion = 1;
	classes = {
	};
	objectVersion = 50;
	objects = {

/* Begin PBXBuildFile section */
		BD9BC496250F37A0009CD227 /* AppDelegate.swift in Sources */ = {isa = PBXBuildFile; fileRef = BD9BC495250F37A0009CD227 /* AppDelegate.swift */; };
		BD9BC498250F37A0009CD227 /* SceneDelegate.swift in Sources */ = {isa = PBXBuildFile; fileRef = BD9BC497250F37A0009CD227 /* SceneDelegate.swift */; };
		BD9BC49A250F37A0009CD227 /* ViewController.swift in Sources */ = {isa = PBXBuildFile; fileRef = BD9BC499250F37A0009CD227 /* ViewController.swift */; };
		BD9BC49D250F37A0009CD227 /* Main.storyboard in Resources */ = {isa = PBXBuildFile; fileRef = BD9BC49B250F37A0009CD227 /* Main.storyboard */; };
		BD9BC49F250F37A1009CD227 /* Assets.xcassets in Resources */ = {isa = PBXBuildFile; fileRef = BD9BC49E250F37A1009CD227 /* Assets.xcassets */; };
		BD9BC4A2250F37A1009CD227 /* LaunchScreen.storyboard in Resources */ = {isa = PBXBuildFile; fileRef = BD9BC4A0250F37A1009CD227 /* LaunchScreen.storyboard */; };
		BD9BC4AD250F37A1009CD227 /* QuizTests.swift in Sources */ = {isa = PBXBuildFile; fileRef = BD9BC4AC250F37A1009CD227 /* QuizTests.swift */; };
		BD9BC4B8250F37A1009CD227 /* QuizUITests.swift in Sources */ = {isa = PBXBuildFile; fileRef = BD9BC4B7250F37A1009CD227 /* QuizUITests.swift */; };
/* End PBXBuildFile section */

/* Begin PBXContainerItemProxy section */
		BD9BC4A9250F37A1009CD227 /* PBXContainerItemProxy */ = {
			isa = PBXContainerItemProxy;
			containerPortal = BD9BC48A250F37A0009CD227 /* Project object */;
			proxyType = 1;
			remoteGlobalIDString = BD9BC491250F37A0009CD227;
			remoteInfo = Quiz;
		};
		BD9BC4B4250F37A1009CD227 /* PBXContainerItemProxy */ = {
			isa = PBXContainerItemProxy;
			containerPortal = BD9BC48A250F37A0009CD227 /* Project object */;
			proxyType = 1;
			remoteGlobalIDString = BD9BC491250F37A0009CD227;
			remoteInfo = Quiz;
		};
/* End PBXContainerItemProxy section */

/* Begin PBXFileReference section */
		BD9BC492250F37A0009CD227 /* Quiz.app */ = {isa = PBXFileReference; explicitFileType = wrapper.application; includeInIndex = 0; path = Quiz.app; sourceTree = BUILT_PRODUCTS_DIR; };
		BD9BC495250F37A0009CD227 /* AppDelegate.swift */ = {isa = PBXFileReference; lastKnownFileType = sourcecode.swift; path = AppDelegate.swift; sourceTree = "<group>"; };
		BD9BC497250F37A0009CD227 /* SceneDelegate.swift */ = {isa = PBXFileReference; lastKnownFileType = sourcecode.swift; path = SceneDelegate.swift; sourceTree = "<group>"; };
		BD9BC499250F37A0009CD227 /* ViewController.swift */ = {isa = PBXFileReference; lastKnownFileType = sourcecode.swift; path = ViewController.swift; sourceTree = "<group>"; };
		BD9BC49C250F37A0009CD227 /* Base */ = {isa = PBXFileReference; lastKnownFileType = file.storyboard; name = Base; path = Base.lproj/Main.storyboard; sourceTree = "<group>"; };
		BD9BC49E250F37A1009CD227 /* Assets.xcassets */ = {isa = PBXFileReference; lastKnownFileType = folder.assetcatalog; path = Assets.xcassets; sourceTree = "<group>"; };
		BD9BC4A1250F37A1009CD227 /* Base */ = {isa = PBXFileReference; lastKnownFileType = file.storyboard; name = Base; path = Base.lproj/LaunchScreen.storyboard; sourceTree = "<group>"; };
		BD9BC4A3250F37A1009CD227 /* Info.plist */ = {isa = PBXFileReference; lastKnownFileType = text.plist.xml; path = Info.plist; sourceTree = "<group>"; };
		BD9BC4A8250F37A1009CD227 /* QuizTests.xctest */ = {isa = PBXFileReference; explicitFileType = wrapper.cfbundle; includeInIndex = 0; path = QuizTests.xctest; sourceTree = BUILT_PRODUCTS_DIR; };
		BD9BC4AC250F37A1009CD227 /* QuizTests.swift */ = {isa = PBXFileReference; lastKnownFileType = sourcecode.swift; path = QuizTests.swift; sourceTree = "<group>"; };
		BD9BC4AE250F37A1009CD227 /* Info.plist */ = {isa = PBXFileReference; lastKnownFileType = text.plist.xml; path = Info.plist; sourceTree = "<group>"; };
		BD9BC4B3250F37A1009CD227 /* QuizUITests.xctest */ = {isa = PBXFileReference; explicitFileType = wrapper.cfbundle; includeInIndex = 0; path = QuizUITests.xctest; sourceTree = BUILT_PRODUCTS_DIR; };
		BD9BC4B7250F37A1009CD227 /* QuizUITests.swift */ = {isa = PBXFileReference; lastKnownFileType = sourcecode.swift; path = QuizUITests.swift; sourceTree = "<group>"; };
		BD9BC4B9250F37A1009CD227 /* Info.plist */ = {isa = PBXFileReference; lastKnownFileType = text.plist.xml; path = Info.plist; sourceTree = "<group>"; };
/* End PBXFileReference section */

/* Begin PBXFrameworksBuildPhase section */
		BD9BC48F250F37A0009CD227 /* Frameworks */ = {
			isa = PBXFrameworksBuildPhase;
			buildActionMask = 2147483647;
			files = (
			);
			runOnlyForDeploymentPostprocessing = 0;
		};
		BD9BC4A5250F37A1009CD227 /* Frameworks */ = {
			isa = PBXFrameworksBuildPhase;
			buildActionMask = 2147483647;
			files = (
			);
			runOnlyForDeploymentPostprocessing = 0;
		};
		BD9BC4B0250F37A1009CD227 /* Frameworks */ = {
			isa = PBXFrameworksBuildPhase;
			buildActionMask = 2147483647;
			files = (
			);
			runOnlyForDeploymentPostprocessing = 0;
		};
/* End PBXFrameworksBuildPhase section */

/* Begin PBXGroup section */
		BD9BC489250F37A0009CD227 = {
			isa = PBXGroup;
			children = (
				BD9BC494250F37A0009CD227 /* Quiz */,
				BD9BC4AB250F37A1009CD227 /* QuizTests */,
				BD9BC4B6250F37A1009CD227 /* QuizUITests */,
				BD9BC493250F37A0009CD227 /* Products */,
			);
			sourceTree = "<group>";
		};
		BD9BC493250F37A0009CD227 /* Products */ = {
			isa = PBXGroup;
			children = (
				BD9BC492250F37A0009CD227 /* Quiz.app */,
				BD9BC4A8250F37A1009CD227 /* QuizTests.xctest */,
				BD9BC4B3250F37A1009CD227 /* QuizUITests.xctest */,
			);
			name = Products;
			sourceTree = "<group>";
		};
		BD9BC494250F37A0009CD227 /* Quiz */ = {
			isa = PBXGroup;
			children = (
				BD9BC495250F37A0009CD227 /* AppDelegate.swift */,
				BD9BC497250F37A0009CD227 /* SceneDelegate.swift */,
				BD9BC499250F37A0009CD227 /* ViewController.swift */,
				BD9BC49B250F37A0009CD227 /* Main.storyboard */,
				BD9BC49E250F37A1009CD227 /* Assets.xcassets */,
				BD9BC4A0250F37A1009CD227 /* LaunchScreen.storyboard */,
				BD9BC4A3250F37A1009CD227 /* Info.plist */,
			);
			path = Quiz;
			sourceTree = "<group>";
		};
		BD9BC4AB250F37A1009CD227 /* QuizTests */ = {
			isa = PBXGroup;
			children = (
				BD9BC4AC250F37A1009CD227 /* QuizTests.swift */,
				BD9BC4AE250F37A1009CD227 /* Info.plist */,
			);
			path = QuizTests;
			sourceTree = "<group>";
		};
		BD9BC4B6250F37A1009CD227 /* QuizUITests */ = {
			isa = PBXGroup;
			children = (
				BD9BC4B7250F37A1009CD227 /* QuizUITests.swift */,
				BD9BC4B9250F37A1009CD227 /* Info.plist */,
			);
			path = QuizUITests;
			sourceTree = "<group>";
		};
/* End PBXGroup section */

/* Begin PBXNativeTarget section */
		BD9BC491250F37A0009CD227 /* Quiz */ = {
			isa = PBXNativeTarget;
			buildConfigurationList = BD9BC4BC250F37A1009CD227 /* Build configuration list for PBXNativeTarget "Quiz" */;
			buildPhases = (
				BD9BC48E250F37A0009CD227 /* Sources */,
				BD9BC48F250F37A0009CD227 /* Frameworks */,
				BD9BC490250F37A0009CD227 /* Resources */,
			);
			buildRules = (
			);
			dependencies = (
			);
			name = Quiz;
			productName = Quiz;
			productReference = BD9BC492250F37A0009CD227 /* Quiz.app */;
			productType = "com.apple.product-type.application";
		};
		BD9BC4A7250F37A1009CD227 /* QuizTests */ = {
			isa = PBXNativeTarget;
			buildConfigurationList = BD9BC4BF250F37A1009CD227 /* Build configuration list for PBXNativeTarget "QuizTests" */;
			buildPhases = (
				BD9BC4A4250F37A1009CD227 /* Sources */,
				BD9BC4A5250F37A1009CD227 /* Frameworks */,
				BD9BC4A6250F37A1009CD227 /* Resources */,
			);
			buildRules = (
			);
			dependencies = (
				BD9BC4AA250F37A1009CD227 /* PBXTargetDependency */,
			);
			name = QuizTests;
			productName = QuizTests;
			productReference = BD9BC4A8250F37A1009CD227 /* QuizTests.xctest */;
			productType = "com.apple.product-type.bundle.unit-test";
		};
		BD9BC4B2250F37A1009CD227 /* QuizUITests */ = {
			isa = PBXNativeTarget;
			buildConfigurationList = BD9BC4C2250F37A1009CD227 /* Build configuration list for PBXNativeTarget "QuizUITests" */;
			buildPhases = (
				BD9BC4AF250F37A1009CD227 /* Sources */,
				BD9BC4B0250F37A1009CD227 /* Frameworks */,
				BD9BC4B1250F37A1009CD227 /* Resources */,
			);
			buildRules = (
			);
			dependencies = (
				BD9BC4B5250F37A1009CD227 /* PBXTargetDependency */,
			);
			name = QuizUITests;
			productName = QuizUITests;
			productReference = BD9BC4B3250F37A1009CD227 /* QuizUITests.xctest */;
			productType = "com.apple.product-type.bundle.ui-testing";
		};
/* End PBXNativeTarget section */

/* Begin PBXProject section */
		BD9BC48A250F37A0009CD227 /* Project object */ = {
			isa = PBXProject;
			attributes = {
				LastSwiftUpdateCheck = 1170;
				LastUpgradeCheck = 1170;
				ORGANIZATIONNAME = "Takayama Mizuki";
				TargetAttributes = {
					BD9BC491250F37A0009CD227 = {
						CreatedOnToolsVersion = 11.7;
					};
					BD9BC4A7250F37A1009CD227 = {
						CreatedOnToolsVersion = 11.7;
						TestTargetID = BD9BC491250F37A0009CD227;
					};
					BD9BC4B2250F37A1009CD227 = {
						CreatedOnToolsVersion = 11.7;
						TestTargetID = BD9BC491250F37A0009CD227;
					};
				};
			};
			buildConfigurationList = BD9BC48D250F37A0009CD227 /* Build configuration list for PBXProject "Quiz" */;
			compatibilityVersion = "Xcode 9.3";
			developmentRegion = en;
			hasScannedForEncodings = 0;
			knownRegions = (
				en,
				Base,
			);
			mainGroup = BD9BC489250F37A0009CD227;
			productRefGroup = BD9BC493250F37A0009CD227 /* Products */;
			projectDirPath = "";
			projectRoot = "";
			targets = (
				BD9BC491250F37A0009CD227 /* Quiz */,
				BD9BC4A7250F37A1009CD227 /* QuizTests */,
				BD9BC4B2250F37A1009CD227 /* QuizUITests */,
			);
		};
/* End PBXProject section */

/* Begin PBXResourcesBuildPhase section */
		BD9BC490250F37A0009CD227 /* Resources */ = {
			isa = PBXResourcesBuildPhase;
			buildActionMask = 2147483647;
			files = (
				BD9BC4A2250F37A1009CD227 /* LaunchScreen.storyboard in Resources */,
				BD9BC49F250F37A1009CD227 /* Assets.xcassets in Resources */,
				BD9BC49D250F37A0009CD227 /* Main.storyboard in Resources */,
			);
			runOnlyForDeploymentPostprocessing = 0;
		};
		BD9BC4A6250F37A1009CD227 /* Resources */ = {
			isa = PBXResourcesBuildPhase;
			buildActionMask = 2147483647;
			files = (
			);
			runOnlyForDeploymentPostprocessing = 0;
		};
		BD9BC4B1250F37A1009CD227 /* Resources */ = {
			isa = PBXResourcesBuildPhase;
			buildActionMask = 2147483647;
			files = (
			);
			runOnlyForDeploymentPostprocessing = 0;
		};
/* End PBXResourcesBuildPhase section */

/* Begin PBXSourcesBuildPhase section */
		BD9BC48E250F37A0009CD227 /* Sources */ = {
			isa = PBXSourcesBuildPhase;
			buildActionMask = 2147483647;
			files = (
				BD9BC49A250F37A0009CD227 /* ViewController.swift in Sources */,
				BD9BC496250F37A0009CD227 /* AppDelegate.swift in Sources */,
				BD9BC498250F37A0009CD227 /* SceneDelegate.swift in Sources */,
			);
			runOnlyForDeploymentPostprocessing = 0;
		};
		BD9BC4A4250F37A1009CD227 /* Sources */ = {
			isa = PBXSourcesBuildPhase;
			buildActionMask = 2147483647;
			files = (
				BD9BC4AD250F37A1009CD227 /* QuizTests.swift in Sources */,
			);
			runOnlyForDeploymentPostprocessing = 0;
		};
		BD9BC4AF250F37A1009CD227 /* Sources */ = {
			isa = PBXSourcesBuildPhase;
			buildActionMask = 2147483647;
			files = (
				BD9BC4B8250F37A1009CD227 /* QuizUITests.swift in Sources */,
			);
			runOnlyForDeploymentPostprocessing = 0;
		};
/* End PBXSourcesBuildPhase section */

/* Begin PBXTargetDependency section */
		BD9BC4AA250F37A1009CD227 /* PBXTargetDependency */ = {
			isa = PBXTargetDependency;
			target = BD9BC491250F37A0009CD227 /* Quiz */;
			targetProxy = BD9BC4A9250F37A1009CD227 /* PBXContainerItemProxy */;
		};
		BD9BC4B5250F37A1009CD227 /* PBXTargetDependency */ = {
			isa = PBXTargetDependency;
			target = BD9BC491250F37A0009CD227 /* Quiz */;
			targetProxy = BD9BC4B4250F37A1009CD227 /* PBXContainerItemProxy */;
		};
/* End PBXTargetDependency section */

/* Begin PBXVariantGroup section */
		BD9BC49B250F37A0009CD227 /* Main.storyboard */ = {
			isa = PBXVariantGroup;
			children = (
				BD9BC49C250F37A0009CD227 /* Base */,
			);
			name = Main.storyboard;
			sourceTree = "<group>";
		};
		BD9BC4A0250F37A1009CD227 /* LaunchScreen.storyboard */ = {
			isa = PBXVariantGroup;
			children = (
				BD9BC4A1250F37A1009CD227 /* Base */,
			);
			name = LaunchScreen.storyboard;
			sourceTree = "<group>";
		};
/* End PBXVariantGroup section */

/* Begin XCBuildConfiguration section */
		BD9BC4BA250F37A1009CD227 /* Debug */ = {
			isa = XCBuildConfiguration;
			buildSettings = {
				ALWAYS_SEARCH_USER_PATHS = NO;
				CLANG_ANALYZER_NONNULL = YES;
				CLANG_ANALYZER_NUMBER_OBJECT_CONVERSION = YES_AGGRESSIVE;
				CLANG_CXX_LANGUAGE_STANDARD = "gnu++14";
				CLANG_CXX_LIBRARY = "libc++";
				CLANG_ENABLE_MODULES = YES;
				CLANG_ENABLE_OBJC_ARC = YES;
				CLANG_ENABLE_OBJC_WEAK = YES;
				CLANG_WARN_BLOCK_CAPTURE_AUTORELEASING = YES;
				CLANG_WARN_BOOL_CONVERSION = YES;
				CLANG_WARN_COMMA = YES;
				CLANG_WARN_CONSTANT_CONVERSION = YES;
				CLANG_WARN_DEPRECATED_OBJC_IMPLEMENTATIONS = YES;
				CLANG_WARN_DIRECT_OBJC_ISA_USAGE = YES_ERROR;
				CLANG_WARN_DOCUMENTATION_COMMENTS = YES;
				CLANG_WARN_EMPTY_BODY = YES;
				CLANG_WARN_ENUM_CONVERSION = YES;
				CLANG_WARN_INFINITE_RECURSION = YES;
				CLANG_WARN_INT_CONVERSION = YES;
				CLANG_WARN_NON_LITERAL_NULL_CONVERSION = YES;
				CLANG_WARN_OBJC_IMPLICIT_RETAIN_SELF = YES;
				CLANG_WARN_OBJC_LITERAL_CONVERSION = YES;
				CLANG_WARN_OBJC_ROOT_CLASS = YES_ERROR;
				CLANG_WARN_RANGE_LOOP_ANALYSIS = YES;
				CLANG_WARN_STRICT_PROTOTYPES = YES;
				CLANG_WARN_SUSPICIOUS_MOVE = YES;
				CLANG_WARN_UNGUARDED_AVAILABILITY = YES_AGGRESSIVE;
				CLANG_WARN_UNREACHABLE_CODE = YES;
				CLANG_WARN__DUPLICATE_METHOD_MATCH = YES;
				COPY_PHASE_STRIP = NO;
				DEBUG_INFORMATION_FORMAT = dwarf;
				ENABLE_STRICT_OBJC_MSGSEND = YES;
				ENABLE_TESTABILITY = YES;
				GCC_C_LANGUAGE_STANDARD = gnu11;
				GCC_DYNAMIC_NO_PIC = NO;
				GCC_NO_COMMON_BLOCKS = YES;
				GCC_OPTIMIZATION_LEVEL = 0;
				GCC_PREPROCESSOR_DEFINITIONS = (
					"DEBUG=1",
					"$(inherited)",
				);
				GCC_WARN_64_TO_32_BIT_CONVERSION = YES;
				GCC_WARN_ABOUT_RETURN_TYPE = YES_ERROR;
				GCC_WARN_UNDECLARED_SELECTOR = YES;
				GCC_WARN_UNINITIALIZED_AUTOS = YES_AGGRESSIVE;
				GCC_WARN_UNUSED_FUNCTION = YES;
				GCC_WARN_UNUSED_VARIABLE = YES;
				IPHONEOS_DEPLOYMENT_TARGET = 13.7;
				MTL_ENABLE_DEBUG_INFO = INCLUDE_SOURCE;
				MTL_FAST_MATH = YES;
				ONLY_ACTIVE_ARCH = YES;
				SDKROOT = iphoneos;
				SWIFT_ACTIVE_COMPILATION_CONDITIONS = DEBUG;
				SWIFT_OPTIMIZATION_LEVEL = "-Onone";
			};
			name = Debug;
		};
		BD9BC4BB250F37A1009CD227 /* Release */ = {
			isa = XCBuildConfiguration;
			buildSettings = {
				ALWAYS_SEARCH_USER_PATHS = NO;
				CLANG_ANALYZER_NONNULL = YES;
				CLANG_ANALYZER_NUMBER_OBJECT_CONVERSION = YES_AGGRESSIVE;
				CLANG_CXX_LANGUAGE_STANDARD = "gnu++14";
				CLANG_CXX_LIBRARY = "libc++";
				CLANG_ENABLE_MODULES = YES;
				CLANG_ENABLE_OBJC_ARC = YES;
				CLANG_ENABLE_OBJC_WEAK = YES;
				CLANG_WARN_BLOCK_CAPTURE_AUTORELEASING = YES;
				CLANG_WARN_BOOL_CONVERSION = YES;
				CLANG_WARN_COMMA = YES;
				CLANG_WARN_CONSTANT_CONVERSION = YES;
				CLANG_WARN_DEPRECATED_OBJC_IMPLEMENTATIONS = YES;
				CLANG_WARN_DIRECT_OBJC_ISA_USAGE = YES_ERROR;
				CLANG_WARN_DOCUMENTATION_COMMENTS = YES;
				CLANG_WARN_EMPTY_BODY = YES;
				CLANG_WARN_ENUM_CONVERSION = YES;
				CLANG_WARN_INFINITE_RECURSION = YES;
				CLANG_WARN_INT_CONVERSION = YES;
				CLANG_WARN_NON_LITERAL_NULL_CONVERSION = YES;
				CLANG_WARN_OBJC_IMPLICIT_RETAIN_SELF = YES;
				CLANG_WARN_OBJC_LITERAL_CONVERSION = YES;
				CLANG_WARN_OBJC_ROOT_CLASS = YES_ERROR;
				CLANG_WARN_RANGE_LOOP_ANALYSIS = YES;
				CLANG_WARN_STRICT_PROTOTYPES = YES;
				CLANG_WARN_SUSPICIOUS_MOVE = YES;
				CLANG_WARN_UNGUARDED_AVAILABILITY = YES_AGGRESSIVE;
				CLANG_WARN_UNREACHABLE_CODE = YES;
				CLANG_WARN__DUPLICATE_METHOD_MATCH = YES;
				COPY_PHASE_STRIP = NO;
				DEBUG_INFORMATION_FORMAT = "dwarf-with-dsym";
				ENABLE_NS_ASSERTIONS = NO;
				ENABLE_STRICT_OBJC_MSGSEND = YES;
				GCC_C_LANGUAGE_STANDARD = gnu11;
				GCC_NO_COMMON_BLOCKS = YES;
				GCC_WARN_64_TO_32_BIT_CONVERSION = YES;
				GCC_WARN_ABOUT_RETURN_TYPE = YES_ERROR;
				GCC_WARN_UNDECLARED_SELECTOR = YES;
				GCC_WARN_UNINITIALIZED_AUTOS = YES_AGGRESSIVE;
				GCC_WARN_UNUSED_FUNCTION = YES;
				GCC_WARN_UNUSED_VARIABLE = YES;
				IPHONEOS_DEPLOYMENT_TARGET = 13.7;
				MTL_ENABLE_DEBUG_INFO = NO;
				MTL_FAST_MATH = YES;
				SDKROOT = iphoneos;
				SWIFT_COMPILATION_MODE = wholemodule;
				SWIFT_OPTIMIZATION_LEVEL = "-O";
				VALIDATE_PRODUCT = YES;
			};
			name = Release;
		};
		BD9BC4BD250F37A1009CD227 /* Debug */ = {
			isa = XCBuildConfiguration;
			buildSettings = {
				ASSETCATALOG_COMPILER_APPICON_NAME = AppIcon;
				CODE_SIGN_STYLE = Automatic;
				INFOPLIST_FILE = Quiz/Info.plist;
				LD_RUNPATH_SEARCH_PATHS = (
					"$(inherited)",
					"@executable_path/Frameworks",
				);
				PRODUCT_BUNDLE_IDENTIFIER = app.takayama.mizuki.Quiz;
				PRODUCT_NAME = "$(TARGET_NAME)";
				SWIFT_VERSION = 5.0;
				TARGETED_DEVICE_FAMILY = "1,2";
			};
			name = Debug;
		};
		BD9BC4BE250F37A1009CD227 /* Release */ = {
			isa = XCBuildConfiguration;
			buildSettings = {
				ASSETCATALOG_COMPILER_APPICON_NAME = AppIcon;
				CODE_SIGN_STYLE = Automatic;
				INFOPLIST_FILE = Quiz/Info.plist;
				LD_RUNPATH_SEARCH_PATHS = (
					"$(inherited)",
					"@executable_path/Frameworks",
				);
				PRODUCT_BUNDLE_IDENTIFIER = app.takayama.mizuki.Quiz;
				PRODUCT_NAME = "$(TARGET_NAME)";
				SWIFT_VERSION = 5.0;
				TARGETED_DEVICE_FAMILY = "1,2";
			};
			name = Release;
		};
		BD9BC4C0250F37A1009CD227 /* Debug */ = {
			isa = XCBuildConfiguration;
			buildSettings = {
				ALWAYS_EMBED_SWIFT_STANDARD_LIBRARIES = YES;
				BUNDLE_LOADER = "$(TEST_HOST)";
				CODE_SIGN_STYLE = Automatic;
				INFOPLIST_FILE = QuizTests/Info.plist;
				IPHONEOS_DEPLOYMENT_TARGET = 13.7;
				LD_RUNPATH_SEARCH_PATHS = (
					"$(inherited)",
					"@executable_path/Frameworks",
					"@loader_path/Frameworks",
				);
				PRODUCT_BUNDLE_IDENTIFIER = app.takayama.mizuki.QuizTests;
				PRODUCT_NAME = "$(TARGET_NAME)";
				SWIFT_VERSION = 5.0;
				TARGETED_DEVICE_FAMILY = "1,2";
				TEST_HOST = "$(BUILT_PRODUCTS_DIR)/Quiz.app/Quiz";
			};
			name = Debug;
		};
		BD9BC4C1250F37A1009CD227 /* Release */ = {
			isa = XCBuildConfiguration;
			buildSettings = {
				ALWAYS_EMBED_SWIFT_STANDARD_LIBRARIES = YES;
				BUNDLE_LOADER = "$(TEST_HOST)";
				CODE_SIGN_STYLE = Automatic;
				INFOPLIST_FILE = QuizTests/Info.plist;
				IPHONEOS_DEPLOYMENT_TARGET = 13.7;
				LD_RUNPATH_SEARCH_PATHS = (
					"$(inherited)",
					"@executable_path/Frameworks",
					"@loader_path/Frameworks",
				);
				PRODUCT_BUNDLE_IDENTIFIER = app.takayama.mizuki.QuizTests;
				PRODUCT_NAME = "$(TARGET_NAME)";
				SWIFT_VERSION = 5.0;
				TARGETED_DEVICE_FAMILY = "1,2";
				TEST_HOST = "$(BUILT_PRODUCTS_DIR)/Quiz.app/Quiz";
			};
			name = Release;
		};
		BD9BC4C3250F37A1009CD227 /* Debug */ = {
			isa = XCBuildConfiguration;
			buildSettings = {
				ALWAYS_EMBED_SWIFT_STANDARD_LIBRARIES = YES;
				CODE_SIGN_STYLE = Automatic;
				INFOPLIST_FILE = QuizUITests/Info.plist;
				LD_RUNPATH_SEARCH_PATHS = (
					"$(inherited)",
					"@executable_path/Frameworks",
					"@loader_path/Frameworks",
				);
				PRODUCT_BUNDLE_IDENTIFIER = app.takayama.mizuki.QuizUITests;
				PRODUCT_NAME = "$(TARGET_NAME)";
				SWIFT_VERSION = 5.0;
				TARGETED_DEVICE_FAMILY = "1,2";
				TEST_TARGET_NAME = Quiz;
			};
			name = Debug;
		};
		BD9BC4C4250F37A1009CD227 /* Release */ = {
			isa = XCBuildConfiguration;
			buildSettings = {
				ALWAYS_EMBED_SWIFT_STANDARD_LIBRARIES = YES;
				CODE_SIGN_STYLE = Automatic;
				INFOPLIST_FILE = QuizUITests/Info.plist;
				LD_RUNPATH_SEARCH_PATHS = (
					"$(inherited)",
					"@executable_path/Frameworks",
					"@loader_path/Frameworks",
				);
				PRODUCT_BUNDLE_IDENTIFIER = app.takayama.mizuki.QuizUITests;
				PRODUCT_NAME = "$(TARGET_NAME)";
				SWIFT_VERSION = 5.0;
				TARGETED_DEVICE_FAMILY = "1,2";
				TEST_TARGET_NAME = Quiz;
			};
			name = Release;
		};
/* End XCBuildConfiguration section */

/* Begin XCConfigurationList section */
		BD9BC48D250F37A0009CD227 /* Build configuration list for PBXProject "Quiz" */ = {
			isa = XCConfigurationList;
			buildConfigurations = (
				BD9BC4BA250F37A1009CD227 /* Debug */,
				BD9BC4BB250F37A1009CD227 /* Release */,
			);
			defaultConfigurationIsVisible = 0;
			defaultConfigurationName = Release;
		};
		BD9BC4BC250F37A1009CD227 /* Build configuration list for PBXNativeTarget "Quiz" */ = {
			isa = XCConfigurationList;
			buildConfigurations = (
				BD9BC4BD250F37A1009CD227 /* Debug */,
				BD9BC4BE250F37A1009CD227 /* Release */,
			);
			defaultConfigurationIsVisible = 0;
			defaultConfigurationName = Release;
		};
		BD9BC4BF250F37A1009CD227 /* Build configuration list for PBXNativeTarget "QuizTests" */ = {
			isa = XCConfigurationList;
			buildConfigurations = (
				BD9BC4C0250F37A1009CD227 /* Debug */,
				BD9BC4C1250F37A1009CD227 /* Release */,
			);
			defaultConfigurationIsVisible = 0;
			defaultConfigurationName = Release;
		};
		BD9BC4C2250F37A1009CD227 /* Build configuration list for PBXNativeTarget "QuizUITests" */ = {
			isa = XCConfigurationList;
			buildConfigurations = (
				BD9BC4C3250F37A1009CD227 /* Debug */,
				BD9BC4C4250F37A1009CD227 /* Release */,
			);
			defaultConfigurationIsVisible = 0;
			defaultConfigurationName = Release;
		};
/* End XCConfigurationList section */
	};
	rootObject = BD9BC48A250F37A0009CD227 /* Project object */;
}
